
Microsoft Visual Studio Solution File, Format Version 12.00
# Visual Studio Version 16
VisualStudioVersion = 16.0.29020.237
MinimumVisualStudioVersion = 10.0.40219.1
Project("{FAE04EC0-301F-11D3-BF4B-00C04F79EFBC}") = "Friend", "Friend.csproj", "{A89D62EB-32C4-4E03-8009-B109582A200F}"
EndProject
Global
	GlobalSection(SolutionConfigurationPlatforms) = preSolution
		Debug|Any CPU = Debug|Any CPU
		Release|Any CPU = Release|Any CPU
	EndGlobalSection
	GlobalSection(ProjectConfigurationPlatforms) = postSolution
		{A89D62EB-32C4-4E03-8009-B109582A200F}.Debug|Any CPU.ActiveCfg = Debug|Any CPU
		{A89D62EB-32C4-4E03-8009-B109582A200F}.Debug|Any CPU.Build.0 = Debug|Any CPU
		{A89D62EB-32C4-4E03-8009-B109582A200F}.Release|Any CPU.ActiveCfg = Release|Any CPU
		{A89D62EB-32C4-4E03-8009-B109582A200F}.Release|Any CPU.Build.0 = Release|Any CPU
	EndGlobalSection
	GlobalSection(SolutionProperties) = preSolution
		HideSolutionNode = FALSE
	EndGlobalSection
	GlobalSection(ExtensibilityGlobals) = postSolution
		SolutionGuid = {64A50686-7005-4A5B-BC27-22346DE2ADED}
	EndGlobalSection
EndGlobal
